# This file is automatically @generated by Poetry 1.5.1 and should not be changed by hand.

[[package]]
name = "cbmcodecs2"
version = "1.2"
description = "Python codecs for CBM PETSCII and Screencode encodings"
optional = false
python-versions = "*"
files = [
    {file = "cbmcodecs2-1.2.tar.gz", hash = "sha256:bcae6efa0246efb3793b7fa4f01ccaafe2ba5a528d71e3dbcbd910963b074595"},
]

[[package]]
name = "sortedcollections"
version = "2.1.0"
description = "Python Sorted Collections"
optional = false
python-versions = "*"
files = [
    {file = "sortedcollections-2.1.0-py3-none-any.whl", hash = "sha256:b07abbc73472cc459da9dd6e2607d73d1f3b9309a32dd9a57fa2c6fa882f4c6c"},
    {file = "sortedcollections-2.1.0.tar.gz", hash = "sha256:d8e9609d6c580a16a1224a3dc8965789e03ebc4c3e5ffd05ada54a2fed5dcacd"},
]

[package.dependencies]
sortedcontainers = "*"

[[package]]
name = "sortedcontainers"
version = "2.4.0"
description = "Sorted Containers -- Sorted List, Sorted Dict, Sorted Set"
optional = false
python-versions = "*"
files = [
    {file = "sortedcontainers-2.4.0-py2.py3-none-any.whl", hash = "sha256:a163dcaede0f1c021485e957a39245190e74249897e2ae4b2aa38595db237ee0"},
    {file = "sortedcontainers-2.4.0.tar.gz", hash = "sha256:25caa5a06cc30b6b83d11423433f65d1f9d76c4c6a0c90e3379eaa43b9bfdb88"},
]

[metadata]
lock-version = "2.0"
python-versions = "^3.8"
content-hash = "e234376c2efbb0789f35eebe5aec570b0e10f844dbac0b6fcfeec8d9458fd0e7"
